
Microsoft Visual Studio Solution File, Format Version 12.00
# Visual Studio Version 17
VisualStudioVersion = 17.3.32901.215
MinimumVisualStudioVersion = 10.0.40219.1
Project("{FAE04EC0-301F-11D3-BF4B-00C04F79EFBC}") = "WebApplication1", "WebApplication1\WebApplication1.csproj", "{8E86070A-D8E7-4EB6-BF27-5805180E0055}"
EndProject
Global
	GlobalSection(SolutionConfigurationPlatforms) = preSolution
		Debug|Any CPU = Debug|Any CPU
		Release|Any CPU = Release|Any CPU
	EndGlobalSection
	GlobalSection(ProjectConfigurationPlatforms) = postSolution
		{8E86070A-D8E7-4EB6-BF27-5805180E0055}.Debug|Any CPU.ActiveCfg = Debug|Any CPU
		{8E86070A-D8E7-4EB6-BF27-5805180E0055}.Debug|Any CPU.Build.0 = Debug|Any CPU
		{8E86070A-D8E7-4EB6-BF27-5805180E0055}.Release|Any CPU.ActiveCfg = Release|Any CPU
		{8E86070A-D8E7-4EB6-BF27-5805180E0055}.Release|Any CPU.Build.0 = Release|Any CPU
	EndGlobalSection
	GlobalSection(SolutionProperties) = preSolution
		HideSolutionNode = FALSE
	EndGlobalSection
	GlobalSection(ExtensibilityGlobals) = postSolution
		SolutionGuid = {FA088FE6-E879-4492-84BC-89027367836E}
	EndGlobalSection
EndGlobal
